
Microsoft Visual Studio Solution File, Format Version 12.00
# Visual Studio Version 16
VisualStudioVersion = 16.0.30611.23
MinimumVisualStudioVersion = 10.0.40219.1
Project("{FAE04EC0-301F-11D3-BF4B-00C04F79EFBC}") = "Sztf3_feleves", "Sztf3_feleves\Sztf3_feleves.csproj", "{4A3C33F5-F2DF-4461-91B1-14FEE7749AF9}"
EndProject
Project("{FAE04EC0-301F-11D3-BF4B-00C04F79EFBC}") = "Models", "Models\Models.csproj", "{3C45FEE1-F8E0-4220-8FAE-5B4FBE7A0CC4}"
EndProject
Project("{FAE04EC0-301F-11D3-BF4B-00C04F79EFBC}") = "Data", "Data\Data.csproj", "{36430756-F40F-464E-ACD6-7518B007EC90}"
EndProject
Project("{FAE04EC0-301F-11D3-BF4B-00C04F79EFBC}") = "Repository", "Repository\Repository.csproj", "{79CAF872-8B26-4B50-9D7E-928B5A15C58C}"
EndProject
Project("{FAE04EC0-301F-11D3-BF4B-00C04F79EFBC}") = "Logic", "Logic\Logic.csproj", "{C5FAC2A0-9739-40BD-B691-2FDB29D69F59}"
EndProject
Global
	GlobalSection(SolutionConfigurationPlatforms) = preSolution
		Debug|Any CPU = Debug|Any CPU
		Release|Any CPU = Release|Any CPU
	EndGlobalSection
	GlobalSection(ProjectConfigurationPlatforms) = postSolution
		{4A3C33F5-F2DF-4461-91B1-14FEE7749AF9}.Debug|Any CPU.ActiveCfg = Debug|Any CPU
		{4A3C33F5-F2DF-4461-91B1-14FEE7749AF9}.Debug|Any CPU.Build.0 = Debug|Any CPU
		{4A3C33F5-F2DF-4461-91B1-14FEE7749AF9}.Release|Any CPU.ActiveCfg = Release|Any CPU
		{4A3C33F5-F2DF-4461-91B1-14FEE7749AF9}.Release|Any CPU.Build.0 = Release|Any CPU
		{3C45FEE1-F8E0-4220-8FAE-5B4FBE7A0CC4}.Debug|Any CPU.ActiveCfg = Debug|Any CPU
		{3C45FEE1-F8E0-4220-8FAE-5B4FBE7A0CC4}.Debug|Any CPU.Build.0 = Debug|Any CPU
		{3C45FEE1-F8E0-4220-8FAE-5B4FBE7A0CC4}.Release|Any CPU.ActiveCfg = Release|Any CPU
		{3C45FEE1-F8E0-4220-8FAE-5B4FBE7A0CC4}.Release|Any CPU.Build.0 = Release|Any CPU
		{36430756-F40F-464E-ACD6-7518B007EC90}.Debug|Any CPU.ActiveCfg = Debug|Any CPU
		{36430756-F40F-464E-ACD6-7518B007EC90}.Debug|Any CPU.Build.0 = Debug|Any CPU
		{36430756-F40F-464E-ACD6-7518B007EC90}.Release|Any CPU.ActiveCfg = Release|Any CPU
		{36430756-F40F-464E-ACD6-7518B007EC90}.Release|Any CPU.Build.0 = Release|Any CPU
		{79CAF872-8B26-4B50-9D7E-928B5A15C58C}.Debug|Any CPU.ActiveCfg = Debug|Any CPU
		{79CAF872-8B26-4B50-9D7E-928B5A15C58C}.Debug|Any CPU.Build.0 = Debug|Any CPU
		{79CAF872-8B26-4B50-9D7E-928B5A15C58C}.Release|Any CPU.ActiveCfg = Release|Any CPU
		{79CAF872-8B26-4B50-9D7E-928B5A15C58C}.Release|Any CPU.Build.0 = Release|Any CPU
		{C5FAC2A0-9739-40BD-B691-2FDB29D69F59}.Debug|Any CPU.ActiveCfg = Debug|Any CPU
		{C5FAC2A0-9739-40BD-B691-2FDB29D69F59}.Debug|Any CPU.Build.0 = Debug|Any CPU
		{C5FAC2A0-9739-40BD-B691-2FDB29D69F59}.Release|Any CPU.ActiveCfg = Release|Any CPU
		{C5FAC2A0-9739-40BD-B691-2FDB29D69F59}.Release|Any CPU.Build.0 = Release|Any CPU
	EndGlobalSection
	GlobalSection(SolutionProperties) = preSolution
		HideSolutionNode = FALSE
	EndGlobalSection
	GlobalSection(ExtensibilityGlobals) = postSolution
		SolutionGuid = {C408ADD7-FB24-4A4A-9840-80AD56376691}
	EndGlobalSection
EndGlobal
